
Microsoft Visual Studio Solution File, Format Version 12.00
# Visual Studio 15
Project("{FAE04EC0-301F-11D3-BF4B-00C04F79EFBC}") = "Assembly-CSharp", "Assembly-CSharp.csproj", "{C50F7182-4C7E-A217-1339-DCF4B12C3E98}"
EndProject
Project("{FAE04EC0-301F-11D3-BF4B-00C04F79EFBC}") = "Assembly-CSharp-Editor", "Assembly-CSharp-Editor.csproj", "{8D291319-D45A-385D-E5E1-F65F4E017E3E}"
EndProject
Global
	GlobalSection(SolutionConfigurationPlatforms) = preSolution
		Debug|Any CPU = Debug|Any CPU
		Release|Any CPU = Release|Any CPU
	EndGlobalSection
	GlobalSection(ProjectConfigurationPlatforms) = postSolution
		{C50F7182-4C7E-A217-1339-DCF4B12C3E98}.Debug|Any CPU.ActiveCfg = Debug|Any CPU
		{C50F7182-4C7E-A217-1339-DCF4B12C3E98}.Debug|Any CPU.Build.0 = Debug|Any CPU
		{C50F7182-4C7E-A217-1339-DCF4B12C3E98}.Release|Any CPU.ActiveCfg = Release|Any CPU
		{C50F7182-4C7E-A217-1339-DCF4B12C3E98}.Release|Any CPU.Build.0 = Release|Any CPU
		{8D291319-D45A-385D-E5E1-F65F4E017E3E}.Debug|Any CPU.ActiveCfg = Debug|Any CPU
		{8D291319-D45A-385D-E5E1-F65F4E017E3E}.Debug|Any CPU.Build.0 = Debug|Any CPU
		{8D291319-D45A-385D-E5E1-F65F4E017E3E}.Release|Any CPU.ActiveCfg = Release|Any CPU
		{8D291319-D45A-385D-E5E1-F65F4E017E3E}.Release|Any CPU.Build.0 = Release|Any CPU
	EndGlobalSection
	GlobalSection(SolutionProperties) = preSolution
		HideSolutionNode = FALSE
	EndGlobalSection
EndGlobal
